{
    "version": 3,
    "terraform_version": "0.11.1",
    "serial": 23,
    "lineage": "86a514fa-002c-4bd7-95c3-d7b2263deaef",
    "modules": [
        {
            "path": [
                "root"
            ],
            "outputs": {},
            "resources": {
                "aws_instance.hexlet-basics-web": {
                    "type": "aws_instance",
                    "depends_on": [
                        "aws_key_pair.kirillm",
                        "aws_security_group.hexlet-basics-http",
                        "aws_security_group.hexlet-basics-ssh",
                        "aws_subnet.hexlet-basics-app-a",
                        "data.aws_ami.ubuntu"
                    ],
                    "primary": {
                        "id": "i-041cc468c3b913cd6",
                        "attributes": {
                            "ami": "ami-e22aaa8d",
                            "associate_public_ip_address": "true",
                            "availability_zone": "eu-central-1a",
                            "disable_api_termination": "false",
                            "ebs_block_device.#": "0",
                            "ebs_optimized": "false",
                            "ephemeral_block_device.#": "0",
                            "iam_instance_profile": "",
                            "id": "i-041cc468c3b913cd6",
                            "instance_state": "running",
                            "instance_type": "t2.small",
                            "ipv6_addresses.#": "0",
                            "key_name": "kirillm",
                            "monitoring": "false",
                            "network_interface.#": "0",
                            "network_interface_id": "eni-1dfa4548",
                            "placement_group": "",
                            "primary_network_interface_id": "eni-1dfa4548",
                            "private_dns": "ip-172-16-0-26.eu-central-1.compute.internal",
                            "private_ip": "172.16.0.26",
                            "public_dns": "",
                            "public_ip": "18.195.116.138",
                            "root_block_device.#": "1",
                            "root_block_device.0.delete_on_termination": "true",
                            "root_block_device.0.iops": "100",
                            "root_block_device.0.volume_size": "8",
                            "root_block_device.0.volume_type": "gp2",
                            "security_groups.#": "0",
                            "source_dest_check": "true",
                            "subnet_id": "subnet-d25ee4b9",
                            "tags.%": "1",
                            "tags.Name": "hexlet-basics-web-a",
                            "tenancy": "default",
                            "volume_tags.%": "0",
                            "vpc_security_group_ids.#": "2",
                            "vpc_security_group_ids.1693491751": "sg-44483a2e",
                            "vpc_security_group_ids.3038719955": "sg-26493b4c"
                        },
                        "meta": {
                            "e2bfb730-ecaa-11e6-8f88-34363bc7c4c0": {
                                "create": 600000000000,
                                "delete": 600000000000,
                                "update": 600000000000
                            },
                            "schema_version": "1"
                        },
                        "tainted": false
                    },
                    "deposed": [],
                    "provider": "provider.aws"
                },
                "aws_internet_gateway.hexlet-basics": {
                    "type": "aws_internet_gateway",
                    "depends_on": [
                        "aws_vpc.hexlet-basics"
                    ],
                    "primary": {
                        "id": "igw-3faf1157",
                        "attributes": {
                            "id": "igw-3faf1157",
                            "tags.%": "1",
                            "tags.Name": "hexlet-basics",
                            "vpc_id": "vpc-2536c04e"
                        },
                        "meta": {},
                        "tainted": false
                    },
                    "deposed": [],
                    "provider": "provider.aws"
                },
                "aws_key_pair.kirillm": {
                    "type": "aws_key_pair",
                    "depends_on": [],
                    "primary": {
                        "id": "kirillm",
                        "attributes": {
                            "fingerprint": "b7:54:ed:eb:6b:c4:b1:84:3a:50:29:1c:38:17:0f:f8",
                            "id": "kirillm",
                            "key_name": "kirillm",
                            "public_key": "ssh-rsa AAAAB3NzaC1yc2EAAAADAQABAAABAQC6iksm2XCHg7SsmBtEDOPI1B1aH0XtmR1InL9wphnICiCnUggi2EIDjxOHVbSnKVIVKgg6roBNBCcYsScWTbZiO9u+KfgMgG6F6H/zyD97TVazlK4wshw8EsZXQhUFPkG3xbyaGNUb82vfjnYuivyj8gQZRM39+jfI/mkKDzwImOE3rmNJoWBodjgLDFFtzM5HmcBqrb1STDjqJwFzrakyHVh7L7Hm9mYWzZNtmPRFzVrYvsrxx8M0QtBEAJx/k4ehHWc6wQR1BnTNGiKxGoiGZG/XPSRqQG+c+l6kxE9041YaBlLhXVjJYfw60xd2qYGRRvpE1p0oLK85LmsVCJcd mokevnin@gmail.com"
                        },
                        "meta": {
                            "schema_version": "1"
                        },
                        "tainted": false
                    },
                    "deposed": [],
                    "provider": "provider.aws"
                },
                "aws_main_route_table_association.hexlet-basics": {
                    "type": "aws_main_route_table_association",
                    "depends_on": [
                        "aws_route_table.hexlet-basics",
                        "aws_vpc.hexlet-basics"
                    ],
                    "primary": {
                        "id": "rtbassoc-d8df11b2",
                        "attributes": {
                            "id": "rtbassoc-d8df11b2",
                            "original_route_table_id": "rtb-a047cccb",
                            "route_table_id": "rtb-7a66ed11",
                            "vpc_id": "vpc-2536c04e"
                        },
                        "meta": {},
                        "tainted": false
                    },
                    "deposed": [],
                    "provider": "provider.aws"
                },
                "aws_route_table.hexlet-basics": {
                    "type": "aws_route_table",
                    "depends_on": [
                        "aws_internet_gateway.hexlet-basics",
                        "aws_vpc.hexlet-basics"
                    ],
                    "primary": {
                        "id": "rtb-7a66ed11",
                        "attributes": {
                            "id": "rtb-7a66ed11",
                            "propagating_vgws.#": "0",
                            "route.#": "1",
                            "route.4139042664.cidr_block": "0.0.0.0/0",
                            "route.4139042664.egress_only_gateway_id": "",
                            "route.4139042664.gateway_id": "igw-3faf1157",
                            "route.4139042664.instance_id": "",
                            "route.4139042664.ipv6_cidr_block": "",
                            "route.4139042664.nat_gateway_id": "",
                            "route.4139042664.network_interface_id": "",
                            "route.4139042664.vpc_peering_connection_id": "",
                            "tags.%": "1",
                            "tags.Name": "hexlet-basics",
                            "vpc_id": "vpc-2536c04e"
                        },
                        "meta": {},
                        "tainted": false
                    },
                    "deposed": [],
                    "provider": "provider.aws"
                },
                "aws_security_group.hexlet-basics-http": {
                    "type": "aws_security_group",
                    "depends_on": [
                        "aws_vpc.hexlet-basics"
                    ],
                    "primary": {
                        "id": "sg-26493b4c",
                        "attributes": {
                            "description": "allow http",
                            "egress.#": "1",
                            "egress.482069346.cidr_blocks.#": "1",
                            "egress.482069346.cidr_blocks.0": "0.0.0.0/0",
                            "egress.482069346.description": "",
                            "egress.482069346.from_port": "0",
                            "egress.482069346.ipv6_cidr_blocks.#": "0",
                            "egress.482069346.prefix_list_ids.#": "0",
                            "egress.482069346.protocol": "-1",
                            "egress.482069346.security_groups.#": "0",
                            "egress.482069346.self": "false",
                            "egress.482069346.to_port": "0",
                            "id": "sg-26493b4c",
                            "ingress.#": "1",
                            "ingress.2214680975.cidr_blocks.#": "1",
                            "ingress.2214680975.cidr_blocks.0": "0.0.0.0/0",
                            "ingress.2214680975.description": "",
                            "ingress.2214680975.from_port": "80",
                            "ingress.2214680975.ipv6_cidr_blocks.#": "0",
                            "ingress.2214680975.protocol": "tcp",
                            "ingress.2214680975.security_groups.#": "0",
                            "ingress.2214680975.self": "false",
                            "ingress.2214680975.to_port": "80",
                            "name": "hexlet-basics-http",
                            "owner_id": "384335155110",
                            "revoke_rules_on_delete": "false",
                            "tags.%": "1",
                            "tags.Name": "hexlet-basics-http",
                            "vpc_id": "vpc-2536c04e"
                        },
                        "meta": {
                            "schema_version": "1"
                        },
                        "tainted": false
                    },
                    "deposed": [],
                    "provider": "provider.aws"
                },
                "aws_security_group.hexlet-basics-ssh": {
                    "type": "aws_security_group",
                    "depends_on": [
                        "aws_vpc.hexlet-basics"
                    ],
                    "primary": {
                        "id": "sg-44483a2e",
                        "attributes": {
                            "description": "allow ssh",
                            "egress.#": "1",
                            "egress.482069346.cidr_blocks.#": "1",
                            "egress.482069346.cidr_blocks.0": "0.0.0.0/0",
                            "egress.482069346.description": "",
                            "egress.482069346.from_port": "0",
                            "egress.482069346.ipv6_cidr_blocks.#": "0",
                            "egress.482069346.prefix_list_ids.#": "0",
                            "egress.482069346.protocol": "-1",
                            "egress.482069346.security_groups.#": "0",
                            "egress.482069346.self": "false",
                            "egress.482069346.to_port": "0",
                            "id": "sg-44483a2e",
                            "ingress.#": "1",
                            "ingress.2541437006.cidr_blocks.#": "1",
                            "ingress.2541437006.cidr_blocks.0": "0.0.0.0/0",
                            "ingress.2541437006.description": "",
                            "ingress.2541437006.from_port": "22",
                            "ingress.2541437006.ipv6_cidr_blocks.#": "0",
                            "ingress.2541437006.protocol": "tcp",
                            "ingress.2541437006.security_groups.#": "0",
                            "ingress.2541437006.self": "false",
                            "ingress.2541437006.to_port": "22",
                            "name": "hexlet-basics-ssh",
                            "owner_id": "384335155110",
                            "revoke_rules_on_delete": "false",
                            "tags.%": "1",
                            "tags.Name": "hexlet-basics-ssh",
                            "vpc_id": "vpc-2536c04e"
                        },
                        "meta": {
                            "schema_version": "1"
                        },
                        "tainted": false
                    },
                    "deposed": [],
                    "provider": "provider.aws"
                },
                "aws_subnet.hexlet-basics-app-a": {
                    "type": "aws_subnet",
                    "depends_on": [
                        "aws_vpc.hexlet-basics"
                    ],
                    "primary": {
                        "id": "subnet-d25ee4b9",
                        "attributes": {
                            "assign_ipv6_address_on_creation": "false",
                            "availability_zone": "eu-central-1a",
                            "cidr_block": "172.16.0.0/27",
                            "id": "subnet-d25ee4b9",
                            "map_public_ip_on_launch": "false",
                            "tags.%": "1",
                            "tags.Name": "hexlet-basics-app-a",
                            "vpc_id": "vpc-2536c04e"
                        },
                        "meta": {
                            "schema_version": "1"
                        },
                        "tainted": false
                    },
                    "deposed": [],
                    "provider": "provider.aws"
                },
                "aws_subnet.hexlet-basics-app-b": {
                    "type": "aws_subnet",
                    "depends_on": [
                        "aws_vpc.hexlet-basics"
                    ],
                    "primary": {
                        "id": "subnet-48768935",
                        "attributes": {
                            "assign_ipv6_address_on_creation": "false",
                            "availability_zone": "eu-central-1b",
                            "cidr_block": "172.16.0.32/27",
                            "id": "subnet-48768935",
                            "map_public_ip_on_launch": "false",
                            "tags.%": "1",
                            "tags.Name": "hexlet-basics-app-b",
                            "vpc_id": "vpc-2536c04e"
                        },
                        "meta": {
                            "schema_version": "1"
                        },
                        "tainted": false
                    },
                    "deposed": [],
                    "provider": "provider.aws"
                },
                "aws_subnet.hexlet-basics-db-a": {
                    "type": "aws_subnet",
                    "depends_on": [
                        "aws_vpc.hexlet-basics"
                    ],
                    "primary": {
                        "id": "subnet-f355ef98",
                        "attributes": {
                            "assign_ipv6_address_on_creation": "false",
                            "availability_zone": "eu-central-1a",
                            "cidr_block": "172.16.0.64/27",
                            "id": "subnet-f355ef98",
                            "map_public_ip_on_launch": "false",
                            "tags.%": "1",
                            "tags.Name": "hexlet-basics-db-a",
                            "vpc_id": "vpc-2536c04e"
                        },
                        "meta": {
                            "schema_version": "1"
                        },
                        "tainted": false
                    },
                    "deposed": [],
                    "provider": "provider.aws"
                },
                "aws_subnet.hexlet-basics-db-b": {
                    "type": "aws_subnet",
                    "depends_on": [
                        "aws_vpc.hexlet-basics"
                    ],
                    "primary": {
                        "id": "subnet-564af03d",
                        "attributes": {
                            "assign_ipv6_address_on_creation": "false",
                            "availability_zone": "eu-central-1a",
                            "cidr_block": "172.16.0.96/27",
                            "id": "subnet-564af03d",
                            "map_public_ip_on_launch": "false",
                            "tags.%": "1",
                            "tags.Name": "hexlet-basics-db-b",
                            "vpc_id": "vpc-2536c04e"
                        },
                        "meta": {
                            "schema_version": "1"
                        },
                        "tainted": false
                    },
                    "deposed": [],
                    "provider": "provider.aws"
                },
                "aws_vpc.hexlet-basics": {
                    "type": "aws_vpc",
                    "depends_on": [],
                    "primary": {
                        "id": "vpc-2536c04e",
                        "attributes": {
                            "assign_generated_ipv6_cidr_block": "false",
                            "cidr_block": "172.16.0.0/24",
                            "default_network_acl_id": "acl-39e75452",
                            "default_route_table_id": "rtb-7a66ed11",
                            "default_security_group_id": "sg-ef7f0d85",
                            "dhcp_options_id": "dopt-da6b8ab3",
                            "enable_dns_hostnames": "false",
                            "enable_dns_support": "true",
                            "id": "vpc-2536c04e",
                            "instance_tenancy": "default",
                            "main_route_table_id": "rtb-7a66ed11",
                            "tags.%": "1",
                            "tags.Name": "hexlet-basics"
                        },
                        "meta": {
                            "schema_version": "1"
                        },
                        "tainted": false
                    },
                    "deposed": [],
                    "provider": "provider.aws"
                },
                "data.aws_ami.ubuntu": {
                    "type": "aws_ami",
                    "depends_on": [],
                    "primary": {
                        "id": "ami-e22aaa8d",
                        "attributes": {
                            "architecture": "x86_64",
                            "block_device_mappings.#": "3",
                            "block_device_mappings.1634610537.device_name": "/dev/sdb",
                            "block_device_mappings.1634610537.ebs.%": "0",
                            "block_device_mappings.1634610537.no_device": "",
                            "block_device_mappings.1634610537.virtual_name": "ephemeral0",
                            "block_device_mappings.2547816212.device_name": "/dev/sda1",
                            "block_device_mappings.2547816212.ebs.%": "6",
                            "block_device_mappings.2547816212.ebs.delete_on_termination": "true",
                            "block_device_mappings.2547816212.ebs.encrypted": "false",
                            "block_device_mappings.2547816212.ebs.iops": "0",
                            "block_device_mappings.2547816212.ebs.snapshot_id": "snap-0b0e9c143b8f97334",
                            "block_device_mappings.2547816212.ebs.volume_size": "8",
                            "block_device_mappings.2547816212.ebs.volume_type": "gp2",
                            "block_device_mappings.2547816212.no_device": "",
                            "block_device_mappings.2547816212.virtual_name": "",
                            "block_device_mappings.3850042718.device_name": "/dev/sdc",
                            "block_device_mappings.3850042718.ebs.%": "0",
                            "block_device_mappings.3850042718.no_device": "",
                            "block_device_mappings.3850042718.virtual_name": "ephemeral1",
                            "creation_date": "2017-11-17T16:44:27.000Z",
                            "description": "Canonical, Ubuntu, 14.04 LTS, amd64 trusty image build on 2017-11-15",
                            "filter.#": "2",
                            "filter.4182425345.name": "name",
                            "filter.4182425345.values.#": "1",
                            "filter.4182425345.values.0": "ubuntu/images/hvm-ssd/ubuntu-trusty-14.04-amd64-server-*",
                            "filter.490168357.name": "virtualization-type",
                            "filter.490168357.values.#": "1",
                            "filter.490168357.values.0": "hvm",
                            "hypervisor": "xen",
                            "id": "ami-e22aaa8d",
                            "image_id": "ami-e22aaa8d",
                            "image_location": "099720109477/ubuntu/images/hvm-ssd/ubuntu-trusty-14.04-amd64-server-20171115.1",
                            "image_type": "machine",
                            "most_recent": "true",
                            "name": "ubuntu/images/hvm-ssd/ubuntu-trusty-14.04-amd64-server-20171115.1",
                            "owner_id": "099720109477",
                            "owners.#": "1",
                            "owners.0": "099720109477",
                            "product_codes.#": "0",
                            "public": "true",
                            "root_device_name": "/dev/sda1",
                            "root_device_type": "ebs",
                            "root_snapshot_id": "snap-0b0e9c143b8f97334",
                            "sriov_net_support": "simple",
                            "state": "available",
                            "state_reason.%": "2",
                            "state_reason.code": "UNSET",
                            "state_reason.message": "UNSET",
                            "tags.%": "0",
                            "virtualization_type": "hvm"
                        },
                        "meta": {},
                        "tainted": false
                    },
                    "deposed": [],
                    "provider": "provider.aws"
                }
            },
            "depends_on": []
        }
    ]
}
